Microsoft Visual Studio Solution File, Format Version 12.00
# Visual Studio Version 17
VisualStudioVersion = 17.5.2.0
MinimumVisualStudioVersion = 10.0.40219.1
Project("{FAE04EC0-301F-11D3-BF4B-00C04F79EFBC}") = "Api.Tests", "Api.Tests\Api.Tests.csproj", "{79A87590-2A6D-9B23-CE9F-30AA7178F761}"
EndProject
Project("{FAE04EC0-301F-11D3-BF4B-00C04F79EFBC}") = "DependencyInversion", "Api\DependencyInversion.csproj", "{04D976E5-F6DE-D5AA-4E97-58A99EF19CB9}"
EndProject
Global
	GlobalSection(SolutionConfigurationPlatforms) = preSolution
		Debug|Any CPU = Debug|Any CPU
		Release|Any CPU = Release|Any CPU
	EndGlobalSection
	GlobalSection(ProjectConfigurationPlatforms) = postSolution
		{79A87590-2A6D-9B23-CE9F-30AA7178F761}.Debug|Any CPU.ActiveCfg = Debug|Any CPU
		{79A87590-2A6D-9B23-CE9F-30AA7178F761}.Debug|Any CPU.Build.0 = Debug|Any CPU
		{79A87590-2A6D-9B23-CE9F-30AA7178F761}.Release|Any CPU.ActiveCfg = Release|Any CPU
		{79A87590-2A6D-9B23-CE9F-30AA7178F761}.Release|Any CPU.Build.0 = Release|Any CPU
		{04D976E5-F6DE-D5AA-4E97-58A99EF19CB9}.Debug|Any CPU.ActiveCfg = Debug|Any CPU
		{04D976E5-F6DE-D5AA-4E97-58A99EF19CB9}.Debug|Any CPU.Build.0 = Debug|Any CPU
		{04D976E5-F6DE-D5AA-4E97-58A99EF19CB9}.Release|Any CPU.ActiveCfg = Release|Any CPU
		{04D976E5-F6DE-D5AA-4E97-58A99EF19CB9}.Release|Any CPU.Build.0 = Release|Any CPU
	EndGlobalSection
	GlobalSection(SolutionProperties) = preSolution
		HideSolutionNode = FALSE
	EndGlobalSection
	GlobalSection(ExtensibilityGlobals) = postSolution
		SolutionGuid = {E99B4B9B-95B0-443A-9942-C6568A35B7D6}
	EndGlobalSection
EndGlobal
